// !$*UTF8*$!
{
	archiveVersion = 1;
	classes = {
	};
	objectVersion = 46;
	objects = {

/* Begin PBXBuildFile section */
		2FA4DA661C5217C300EAF978 /* MenuDetails.swift in Sources */ = {isa = PBXBuildFile; fileRef = 2FA4DA651C5217C300EAF978 /* MenuDetails.swift */; };
		2FA4DA681C5218CB00EAF978 /* ProductDetails.swift in Sources */ = {isa = PBXBuildFile; fileRef = 2FA4DA671C5218CB00EAF978 /* ProductDetails.swift */; };
		2FA805931C51F503005B3020 /* AppDelegate.swift in Sources */ = {isa = PBXBuildFile; fileRef = 2FA805921C51F503005B3020 /* AppDelegate.swift */; };
		2FA805951C51F503005B3020 /* PartnerListViewController.swift in Sources */ = {isa = PBXBuildFile; fileRef = 2FA805941C51F503005B3020 /* PartnerListViewController.swift */; };
		2FA805981C51F503005B3020 /* Main.storyboard in Resources */ = {isa = PBXBuildFile; fileRef = 2FA805961C51F503005B3020 /* Main.storyboard */; };
		2FA8059A1C51F503005B3020 /* Assets.xcassets in Resources */ = {isa = PBXBuildFile; fileRef = 2FA805991C51F503005B3020 /* Assets.xcassets */; };
		2FA8059D1C51F503005B3020 /* LaunchScreen.storyboard in Resources */ = {isa = PBXBuildFile; fileRef = 2FA8059B1C51F503005B3020 /* LaunchScreen.storyboard */; };
		2FA805A81C51F503005B3020 /* TechnicheHiringTaskTests.swift in Sources */ = {isa = PBXBuildFile; fileRef = 2FA805A71C51F503005B3020 /* TechnicheHiringTaskTests.swift */; };
		2FA805B31C51F504005B3020 /* TechnicheHiringTaskUITests.swift in Sources */ = {isa = PBXBuildFile; fileRef = 2FA805B21C51F504005B3020 /* TechnicheHiringTaskUITests.swift */; };
		2FA805D61C51FC9E005B3020 /* AFHTTPRequestOperation.m in Sources */ = {isa = PBXBuildFile; fileRef = 2FA805C41C51FC9E005B3020 /* AFHTTPRequestOperation.m */; };
		2FA805D71C51FC9E005B3020 /* AFHTTPRequestOperationManager.m in Sources */ = {isa = PBXBuildFile; fileRef = 2FA805C61C51FC9E005B3020 /* AFHTTPRequestOperationManager.m */; };
		2FA805D81C51FC9E005B3020 /* AFHTTPSessionManager.m in Sources */ = {isa = PBXBuildFile; fileRef = 2FA805C81C51FC9E005B3020 /* AFHTTPSessionManager.m */; };
		2FA805D91C51FC9E005B3020 /* AFNetworkReachabilityManager.m in Sources */ = {isa = PBXBuildFile; fileRef = 2FA805CB1C51FC9E005B3020 /* AFNetworkReachabilityManager.m */; };
		2FA805DA1C51FC9E005B3020 /* AFSecurityPolicy.m in Sources */ = {isa = PBXBuildFile; fileRef = 2FA805CD1C51FC9E005B3020 /* AFSecurityPolicy.m */; };
		2FA805DB1C51FC9E005B3020 /* AFURLConnectionOperation.m in Sources */ = {isa = PBXBuildFile; fileRef = 2FA805CF1C51FC9E005B3020 /* AFURLConnectionOperation.m */; };
		2FA805DC1C51FC9E005B3020 /* AFURLRequestSerialization.m in Sources */ = {isa = PBXBuildFile; fileRef = 2FA805D11C51FC9E005B3020 /* AFURLRequestSerialization.m */; };
		2FA805DD1C51FC9E005B3020 /* AFURLResponseSerialization.m in Sources */ = {isa = PBXBuildFile; fileRef = 2FA805D31C51FC9E005B3020 /* AFURLResponseSerialization.m */; };
		2FA805DE1C51FC9E005B3020 /* AFURLSessionManager.m in Sources */ = {isa = PBXBuildFile; fileRef = 2FA805D51C51FC9E005B3020 /* AFURLSessionManager.m */; };
		2FA805E11C51FE14005B3020 /* PartnerDetails.swift in Sources */ = {isa = PBXBuildFile; fileRef = 2FA805E01C51FE14005B3020 /* PartnerDetails.swift */; };
		2FA805E31C521219005B3020 /* MenuListViewController.swift in Sources */ = {isa = PBXBuildFile; fileRef = 2FA805E21C521219005B3020 /* MenuListViewController.swift */; };
		2FE213851C522BC500C21277 /* UIView+IBInspectableElements.m in Sources */ = {isa = PBXBuildFile; fileRef = 2FE213841C522BC500C21277 /* UIView+IBInspectableElements.m */; };
		2FE213871C52413500C21277 /* ReviewCartViewController.swift in Sources */ = {isa = PBXBuildFile; fileRef = 2FE213861C52413500C21277 /* ReviewCartViewController.swift */; };
/* End PBXBuildFile section */

/* Begin PBXContainerItemProxy section */
		2FA805A41C51F503005B3020 /* PBXContainerItemProxy */ = {
			isa = PBXContainerItemProxy;
			containerPortal = 2FA805871C51F503005B3020 /* Project object */;
			proxyType = 1;
			remoteGlobalIDString = 2FA8058E1C51F503005B3020;
			remoteInfo = TechnicheHiringTask;
		};
		2FA805AF1C51F504005B3020 /* PBXContainerItemProxy */ = {
			isa = PBXContainerItemProxy;
			containerPortal = 2FA805871C51F503005B3020 /* Project object */;
			proxyType = 1;
			remoteGlobalIDString = 2FA8058E1C51F503005B3020;
			remoteInfo = TechnicheHiringTask;
		};
/* End PBXContainerItemProxy section */

/* Begin PBXFileReference section */
		2FA4DA651C5217C300EAF978 /* MenuDetails.swift */ = {isa = PBXFileReference; fileEncoding = 4; lastKnownFileType = sourcecode.swift; path = MenuDetails.swift; sourceTree = "<group>"; };
		2FA4DA671C5218CB00EAF978 /* ProductDetails.swift */ = {isa = PBXFileReference; fileEncoding = 4; lastKnownFileType = sourcecode.swift; path = ProductDetails.swift; sourceTree = "<group>"; };
		2FA8058F1C51F503005B3020 /* Food Ware.app */ = {isa = PBXFileReference; explicitFileType = wrapper.application; includeInIndex = 0; path = "Food Ware.app"; sourceTree = BUILT_PRODUCTS_DIR; };
		2FA805921C51F503005B3020 /* AppDelegate.swift */ = {isa = PBXFileReference; lastKnownFileType = sourcecode.swift; path = AppDelegate.swift; sourceTree = "<group>"; };
		2FA805941C51F503005B3020 /* PartnerListViewController.swift */ = {isa = PBXFileReference; lastKnownFileType = sourcecode.swift; path = PartnerListViewController.swift; sourceTree = "<group>"; };
		2FA805971C51F503005B3020 /* Base */ = {isa = PBXFileReference; lastKnownFileType = file.storyboard; name = Base; path = Base.lproj/Main.storyboard; sourceTree = "<group>"; };
		2FA805991C51F503005B3020 /* Assets.xcassets */ = {isa = PBXFileReference; lastKnownFileType = folder.assetcatalog; path = Assets.xcassets; sourceTree = "<group>"; };
		2FA8059C1C51F503005B3020 /* Base */ = {isa = PBXFileReference; lastKnownFileType = file.storyboard; name = Base; path = Base.lproj/LaunchScreen.storyboard; sourceTree = "<group>"; };
		2FA8059E1C51F503005B3020 /* Info.plist */ = {isa = PBXFileReference; lastKnownFileType = text.plist.xml; path = Info.plist; sourceTree = "<group>"; };
		2FA805A31C51F503005B3020 /* TechnicheHiringTaskTests.xctest */ = {isa = PBXFileReference; explicitFileType = wrapper.cfbundle; includeInIndex = 0; path = TechnicheHiringTaskTests.xctest; sourceTree = BUILT_PRODUCTS_DIR; };
		2FA805A71C51F503005B3020 /* TechnicheHiringTaskTests.swift */ = {isa = PBXFileReference; lastKnownFileType = sourcecode.swift; path = TechnicheHiringTaskTests.swift; sourceTree = "<group>"; };
		2FA805A91C51F503005B3020 /* Info.plist */ = {isa = PBXFileReference; lastKnownFileType = text.plist.xml; path = Info.plist; sourceTree = "<group>"; };
		2FA805AE1C51F504005B3020 /* TechnicheHiringTaskUITests.xctest */ = {isa = PBXFileReference; explicitFileType = wrapper.cfbundle; includeInIndex = 0; path = TechnicheHiringTaskUITests.xctest; sourceTree = BUILT_PRODUCTS_DIR; };
		2FA805B21C51F504005B3020 /* TechnicheHiringTaskUITests.swift */ = {isa = PBXFileReference; lastKnownFileType = sourcecode.swift; path = TechnicheHiringTaskUITests.swift; sourceTree = "<group>"; };
		2FA805B41C51F504005B3020 /* Info.plist */ = {isa = PBXFileReference; lastKnownFileType = text.plist.xml; path = Info.plist; sourceTree = "<group>"; };
		2FA805C31C51FC9E005B3020 /* AFHTTPRequestOperation.h */ = {isa = PBXFileReference; fileEncoding = 4; lastKnownFileType = sourcecode.c.h; path = AFHTTPRequestOperation.h; sourceTree = "<group>"; };
		2FA805C41C51FC9E005B3020 /* AFHTTPRequestOperation.m */ = {isa = PBXFileReference; fileEncoding = 4; lastKnownFileType = sourcecode.c.objc; path = AFHTTPRequestOperation.m; sourceTree = "<group>"; };
		2FA805C51C51FC9E005B3020 /* AFHTTPRequestOperationManager.h */ = {isa = PBXFileReference; fileEncoding = 4; lastKnownFileType = sourcecode.c.h; path = AFHTTPRequestOperationManager.h; sourceTree = "<group>"; };
		2FA805C61C51FC9E005B3020 /* AFHTTPRequestOperationManager.m */ = {isa = PBXFileReference; fileEncoding = 4; lastKnownFileType = sourcecode.c.objc; path = AFHTTPRequestOperationManager.m; sourceTree = "<group>"; };
		2FA805C71C51FC9E005B3020 /* AFHTTPSessionManager.h */ = {isa = PBXFileReference; fileEncoding = 4; lastKnownFileType = sourcecode.c.h; path = AFHTTPSessionManager.h; sourceTree = "<group>"; };
		2FA805C81C51FC9E005B3020 /* AFHTTPSessionManager.m */ = {isa = PBXFileReference; fileEncoding = 4; lastKnownFileType = sourcecode.c.objc; path = AFHTTPSessionManager.m; sourceTree = "<group>"; };
		2FA805C91C51FC9E005B3020 /* AFNetworking.h */ = {isa = PBXFileReference; fileEncoding = 4; lastKnownFileType = sourcecode.c.h; path = AFNetworking.h; sourceTree = "<group>"; };
		2FA805CA1C51FC9E005B3020 /* AFNetworkReachabilityManager.h */ = {isa = PBXFileReference; fileEncoding = 4; lastKnownFileType = sourcecode.c.h; path = AFNetworkReachabilityManager.h; sourceTree = "<group>"; };
		2FA805CB1C51FC9E005B3020 /* AFNetworkReachabilityManager.m */ = {isa = PBXFileReference; fileEncoding = 4; lastKnownFileType = sourcecode.c.objc; path = AFNetworkReachabilityManager.m; sourceTree = "<group>"; };
		2FA805CC1C51FC9E005B3020 /* AFSecurityPolicy.h */ = {isa = PBXFileReference; fileEncoding = 4; lastKnownFileType = sourcecode.c.h; path = AFSecurityPolicy.h; sourceTree = "<group>"; };
		2FA805CD1C51FC9E005B3020 /* AFSecurityPolicy.m */ = {isa = PBXFileReference; fileEncoding = 4; lastKnownFileType = sourcecode.c.objc; path = AFSecurityPolicy.m; sourceTree = "<group>"; };
		2FA805CE1C51FC9E005B3020 /* AFURLConnectionOperation.h */ = {isa = PBXFileReference; fileEncoding = 4; lastKnownFileType = sourcecode.c.h; path = AFURLConnectionOperation.h; sourceTree = "<group>"; };
		2FA805CF1C51FC9E005B3020 /* AFURLConnectionOperation.m */ = {isa = PBXFileReference; fileEncoding = 4; lastKnownFileType = sourcecode.c.objc; path = AFURLConnectionOperation.m; sourceTree = "<group>"; };
		2FA805D01C51FC9E005B3020 /* AFURLRequestSerialization.h */ = {isa = PBXFileReference; fileEncoding = 4; lastKnownFileType = sourcecode.c.h; path = AFURLRequestSerialization.h; sourceTree = "<group>"; };
		2FA805D11C51FC9E005B3020 /* AFURLRequestSerialization.m */ = {isa = PBXFileReference; fileEncoding = 4; lastKnownFileType = sourcecode.c.objc; path = AFURLRequestSerialization.m; sourceTree = "<group>"; };
		2FA805D21C51FC9E005B3020 /* AFURLResponseSerialization.h */ = {isa = PBXFileReference; fileEncoding = 4; lastKnownFileType = sourcecode.c.h; path = AFURLResponseSerialization.h; sourceTree = "<group>"; };
		2FA805D31C51FC9E005B3020 /* AFURLResponseSerialization.m */ = {isa = PBXFileReference; fileEncoding = 4; lastKnownFileType = sourcecode.c.objc; path = AFURLResponseSerialization.m; sourceTree = "<group>"; };
		2FA805D41C51FC9E005B3020 /* AFURLSessionManager.h */ = {isa = PBXFileReference; fileEncoding = 4; lastKnownFileType = sourcecode.c.h; path = AFURLSessionManager.h; sourceTree = "<group>"; };
		2FA805D51C51FC9E005B3020 /* AFURLSessionManager.m */ = {isa = PBXFileReference; fileEncoding = 4; lastKnownFileType = sourcecode.c.objc; path = AFURLSessionManager.m; sourceTree = "<group>"; };
		2FA805DF1C51FCD7005B3020 /* ObjC_Bridge_Header.h */ = {isa = PBXFileReference; lastKnownFileType = sourcecode.c.h; path = ObjC_Bridge_Header.h; sourceTree = "<group>"; };
		2FA805E01C51FE14005B3020 /* PartnerDetails.swift */ = {isa = PBXFileReference; fileEncoding = 4; lastKnownFileType = sourcecode.swift; path = PartnerDetails.swift; sourceTree = "<group>"; };
		2FA805E21C521219005B3020 /* MenuListViewController.swift */ = {isa = PBXFileReference; fileEncoding = 4; lastKnownFileType = sourcecode.swift; path = MenuListViewController.swift; sourceTree = "<group>"; };
		2FE213831C522BC500C21277 /* UIView+IBInspectableElements.h */ = {isa = PBXFileReference; fileEncoding = 4; lastKnownFileType = sourcecode.c.h; path = "UIView+IBInspectableElements.h"; sourceTree = "<group>"; };
		2FE213841C522BC500C21277 /* UIView+IBInspectableElements.m */ = {isa = PBXFileReference; fileEncoding = 4; lastKnownFileType = sourcecode.c.objc; path = "UIView+IBInspectableElements.m"; sourceTree = "<group>"; };
		2FE213861C52413500C21277 /* ReviewCartViewController.swift */ = {isa = PBXFileReference; fileEncoding = 4; lastKnownFileType = sourcecode.swift; path = ReviewCartViewController.swift; sourceTree = "<group>"; };
/* End PBXFileReference section */

/* Begin PBXFrameworksBuildPhase section */
		2FA8058C1C51F503005B3020 /* Frameworks */ = {
			isa = PBXFrameworksBuildPhase;
			buildActionMask = 2147483647;
			files = (
			);
			runOnlyForDeploymentPostprocessing = 0;
		};
		2FA805A01C51F503005B3020 /* Frameworks */ = {
			isa = PBXFrameworksBuildPhase;
			buildActionMask = 2147483647;
			files = (
			);
			runOnlyForDeploymentPostprocessing = 0;
		};
		2FA805AB1C51F504005B3020 /* Frameworks */ = {
			isa = PBXFrameworksBuildPhase;
			buildActionMask = 2147483647;
			files = (
			);
			runOnlyForDeploymentPostprocessing = 0;
		};
/* End PBXFrameworksBuildPhase section */

/* Begin PBXGroup section */
		2FA805861C51F503005B3020 = {
			isa = PBXGroup;
			children = (
				2FA805911C51F503005B3020 /* TechnicheHiringTask */,
				2FA805A61C51F503005B3020 /* TechnicheHiringTaskTests */,
				2FA805B11C51F504005B3020 /* TechnicheHiringTaskUITests */,
				2FA805901C51F503005B3020 /* Products */,
			);
			sourceTree = "<group>";
		};
		2FA805901C51F503005B3020 /* Products */ = {
			isa = PBXGroup;
			children = (
				2FA8058F1C51F503005B3020 /* Food Ware.app */,
				2FA805A31C51F503005B3020 /* TechnicheHiringTaskTests.xctest */,
				2FA805AE1C51F504005B3020 /* TechnicheHiringTaskUITests.xctest */,
			);
			name = Products;
			sourceTree = "<group>";
		};
		2FA805911C51F503005B3020 /* TechnicheHiringTask */ = {
			isa = PBXGroup;
			children = (
				2FA805921C51F503005B3020 /* AppDelegate.swift */,
				2FA805941C51F503005B3020 /* PartnerListViewController.swift */,
				2FA805E21C521219005B3020 /* MenuListViewController.swift */,
				2FE213861C52413500C21277 /* ReviewCartViewController.swift */,
				2FA805961C51F503005B3020 /* Main.storyboard */,
				2FA805E01C51FE14005B3020 /* PartnerDetails.swift */,
				2FA4DA651C5217C300EAF978 /* MenuDetails.swift */,
				2FA4DA671C5218CB00EAF978 /* ProductDetails.swift */,
				2FA805991C51F503005B3020 /* Assets.xcassets */,
				2FA8059B1C51F503005B3020 /* LaunchScreen.storyboard */,
				2FA805DF1C51FCD7005B3020 /* ObjC_Bridge_Header.h */,
				2FE213831C522BC500C21277 /* UIView+IBInspectableElements.h */,
				2FE213841C522BC500C21277 /* UIView+IBInspectableElements.m */,
				2FA805C21C51FC9E005B3020 /* AFNetworking */,
				2FA8059E1C51F503005B3020 /* Info.plist */,
			);
			path = TechnicheHiringTask;
			sourceTree = "<group>";
		};
		2FA805A61C51F503005B3020 /* TechnicheHiringTaskTests */ = {
			isa = PBXGroup;
			children = (
				2FA805A71C51F503005B3020 /* TechnicheHiringTaskTests.swift */,
				2FA805A91C51F503005B3020 /* Info.plist */,
			);
			path = TechnicheHiringTaskTests;
			sourceTree = "<group>";
		};
		2FA805B11C51F504005B3020 /* TechnicheHiringTaskUITests */ = {
			isa = PBXGroup;
			children = (
				2FA805B21C51F504005B3020 /* TechnicheHiringTaskUITests.swift */,
				2FA805B41C51F504005B3020 /* Info.plist */,
			);
			path = TechnicheHiringTaskUITests;
			sourceTree = "<group>";
		};
		2FA805C21C51FC9E005B3020 /* AFNetworking */ = {
			isa = PBXGroup;
			children = (
				2FA805C31C51FC9E005B3020 /* AFHTTPRequestOperation.h */,
				2FA805C41C51FC9E005B3020 /* AFHTTPRequestOperation.m */,
				2FA805C51C51FC9E005B3020 /* AFHTTPRequestOperationManager.h */,
				2FA805C61C51FC9E005B3020 /* AFHTTPRequestOperationManager.m */,
				2FA805C71C51FC9E005B3020 /* AFHTTPSessionManager.h */,
				2FA805C81C51FC9E005B3020 /* AFHTTPSessionManager.m */,
				2FA805C91C51FC9E005B3020 /* AFNetworking.h */,
				2FA805CA1C51FC9E005B3020 /* AFNetworkReachabilityManager.h */,
				2FA805CB1C51FC9E005B3020 /* AFNetworkReachabilityManager.m */,
				2FA805CC1C51FC9E005B3020 /* AFSecurityPolicy.h */,
				2FA805CD1C51FC9E005B3020 /* AFSecurityPolicy.m */,
				2FA805CE1C51FC9E005B3020 /* AFURLConnectionOperation.h */,
				2FA805CF1C51FC9E005B3020 /* AFURLConnectionOperation.m */,
				2FA805D01C51FC9E005B3020 /* AFURLRequestSerialization.h */,
				2FA805D11C51FC9E005B3020 /* AFURLRequestSerialization.m */,
				2FA805D21C51FC9E005B3020 /* AFURLResponseSerialization.h */,
				2FA805D31C51FC9E005B3020 /* AFURLResponseSerialization.m */,
				2FA805D41C51FC9E005B3020 /* AFURLSessionManager.h */,
				2FA805D51C51FC9E005B3020 /* AFURLSessionManager.m */,
			);
			path = AFNetworking;
			sourceTree = "<group>";
		};
/* End PBXGroup section */

/* Begin PBXNativeTarget section */
		2FA8058E1C51F503005B3020 /* TechnicheHiringTask */ = {
			isa = PBXNativeTarget;
			buildConfigurationList = 2FA805B71C51F504005B3020 /* Build configuration list for PBXNativeTarget "TechnicheHiringTask" */;
			buildPhases = (
				2FA8058B1C51F503005B3020 /* Sources */,
				2FA8058C1C51F503005B3020 /* Frameworks */,
				2FA8058D1C51F503005B3020 /* Resources */,
			);
			buildRules = (
			);
			dependencies = (
			);
			name = TechnicheHiringTask;
			productName = TechnicheHiringTask;
			productReference = 2FA8058F1C51F503005B3020 /* Food Ware.app */;
			productType = "com.apple.product-type.application";
		};
		2FA805A21C51F503005B3020 /* TechnicheHiringTaskTests */ = {
			isa = PBXNativeTarget;
			buildConfigurationList = 2FA805BA1C51F504005B3020 /* Build configuration list for PBXNativeTarget "TechnicheHiringTaskTests" */;
			buildPhases = (
				2FA8059F1C51F503005B3020 /* Sources */,
				2FA805A01C51F503005B3020 /* Frameworks */,
				2FA805A11C51F503005B3020 /* Resources */,
			);
			buildRules = (
			);
			dependencies = (
				2FA805A51C51F503005B3020 /* PBXTargetDependency */,
			);
			name = TechnicheHiringTaskTests;
			productName = TechnicheHiringTaskTests;
			productReference = 2FA805A31C51F503005B3020 /* TechnicheHiringTaskTests.xctest */;
			productType = "com.apple.product-type.bundle.unit-test";
		};
		2FA805AD1C51F504005B3020 /* TechnicheHiringTaskUITests */ = {
			isa = PBXNativeTarget;
			buildConfigurationList = 2FA805BD1C51F504005B3020 /* Build configuration list for PBXNativeTarget "TechnicheHiringTaskUITests" */;
			buildPhases = (
				2FA805AA1C51F504005B3020 /* Sources */,
				2FA805AB1C51F504005B3020 /* Frameworks */,
				2FA805AC1C51F504005B3020 /* Resources */,
			);
			buildRules = (
			);
			dependencies = (
				2FA805B01C51F504005B3020 /* PBXTargetDependency */,
			);
			name = TechnicheHiringTaskUITests;
			productName = TechnicheHiringTaskUITests;
			productReference = 2FA805AE1C51F504005B3020 /* TechnicheHiringTaskUITests.xctest */;
			productType = "com.apple.product-type.bundle.ui-testing";
		};
/* End PBXNativeTarget section */

/* Begin PBXProject section */
		2FA805871C51F503005B3020 /* Project object */ = {
			isa = PBXProject;
			attributes = {
				LastSwiftUpdateCheck = 0720;
				LastUpgradeCheck = 0720;
				ORGANIZATIONNAME = Vignesh;
				TargetAttributes = {
					2FA8058E1C51F503005B3020 = {
						CreatedOnToolsVersion = 7.2;
						DevelopmentTeam = X9X9JT2M8A;
					};
					2FA805A21C51F503005B3020 = {
						CreatedOnToolsVersion = 7.2;
						TestTargetID = 2FA8058E1C51F503005B3020;
					};
					2FA805AD1C51F504005B3020 = {
						CreatedOnToolsVersion = 7.2;
						TestTargetID = 2FA8058E1C51F503005B3020;
					};
				};
			};
			buildConfigurationList = 2FA8058A1C51F503005B3020 /* Build configuration list for PBXProject "TechnicheHiringTask" */;
			compatibilityVersion = "Xcode 3.2";
			developmentRegion = English;
			hasScannedForEncodings = 0;
			knownRegions = (
				en,
				Base,
			);
			mainGroup = 2FA805861C51F503005B3020;
			productRefGroup = 2FA805901C51F503005B3020 /* Products */;
			projectDirPath = "";
			projectRoot = "";
			targets = (
				2FA8058E1C51F503005B3020 /* TechnicheHiringTask */,
				2FA805A21C51F503005B3020 /* TechnicheHiringTaskTests */,
				2FA805AD1C51F504005B3020 /* TechnicheHiringTaskUITests */,
			);
		};
/* End PBXProject section */

/* Begin PBXResourcesBuildPhase section */
		2FA8058D1C51F503005B3020 /* Resources */ = {
			isa = PBXResourcesBuildPhase;
			buildActionMask = 2147483647;
			files = (
				2FA8059D1C51F503005B3020 /* LaunchScreen.storyboard in Resources */,
				2FA8059A1C51F503005B3020 /* Assets.xcassets in Resources */,
				2FA805981C51F503005B3020 /* Main.storyboard in Resources */,
			);
			runOnlyForDeploymentPostprocessing = 0;
		};
		2FA805A11C51F503005B3020 /* Resources */ = {
			isa = PBXResourcesBuildPhase;
			buildActionMask = 2147483647;
			files = (
			);
			runOnlyForDeploymentPostprocessing = 0;
		};
		2FA805AC1C51F504005B3020 /* Resources */ = {
			isa = PBXResourcesBuildPhase;
			buildActionMask = 2147483647;
			files = (
			);
			runOnlyForDeploymentPostprocessing = 0;
		};
/* End PBXResourcesBuildPhase section */

/* Begin PBXSourcesBuildPhase section */
		2FA8058B1C51F503005B3020 /* Sources */ = {
			isa = PBXSourcesBuildPhase;
			buildActionMask = 2147483647;
			files = (
				2FA805D61C51FC9E005B3020 /* AFHTTPRequestOperation.m in Sources */,
				2FA805951C51F503005B3020 /* PartnerListViewController.swift in Sources */,
				2FA805E11C51FE14005B3020 /* PartnerDetails.swift in Sources */,
				2FA805D71C51FC9E005B3020 /* AFHTTPRequestOperationManager.m in Sources */,
				2FA805D91C51FC9E005B3020 /* AFNetworkReachabilityManager.m in Sources */,
				2FA805DD1C51FC9E005B3020 /* AFURLResponseSerialization.m in Sources */,
				2FA805DB1C51FC9E005B3020 /* AFURLConnectionOperation.m in Sources */,
				2FA4DA681C5218CB00EAF978 /* ProductDetails.swift in Sources */,
				2FA805DA1C51FC9E005B3020 /* AFSecurityPolicy.m in Sources */,
				2FA805D81C51FC9E005B3020 /* AFHTTPSessionManager.m in Sources */,
				2FE213871C52413500C21277 /* ReviewCartViewController.swift in Sources */,
				2FA4DA661C5217C300EAF978 /* MenuDetails.swift in Sources */,
				2FA805DC1C51FC9E005B3020 /* AFURLRequestSerialization.m in Sources */,
				2FA805E31C521219005B3020 /* MenuListViewController.swift in Sources */,
				2FA805DE1C51FC9E005B3020 /* AFURLSessionManager.m in Sources */,
				2FA805931C51F503005B3020 /* AppDelegate.swift in Sources */,
				2FE213851C522BC500C21277 /* UIView+IBInspectableElements.m in Sources */,
			);
			runOnlyForDeploymentPostprocessing = 0;
		};
		2FA8059F1C51F503005B3020 /* Sources */ = {
			isa = PBXSourcesBuildPhase;
			buildActionMask = 2147483647;
			files = (
				2FA805A81C51F503005B3020 /* TechnicheHiringTaskTests.swift in Sources */,
			);
			runOnlyForDeploymentPostprocessing = 0;
		};
		2FA805AA1C51F504005B3020 /* Sources */ = {
			isa = PBXSourcesBuildPhase;
			buildActionMask = 2147483647;
			files = (
				2FA805B31C51F504005B3020 /* TechnicheHiringTaskUITests.swift in Sources */,
			);
			runOnlyForDeploymentPostprocessing = 0;
		};
/* End PBXSourcesBuildPhase section */

/* Begin PBXTargetDependency section */
		2FA805A51C51F503005B3020 /* PBXTargetDependency */ = {
			isa = PBXTargetDependency;
			target = 2FA8058E1C51F503005B3020 /* TechnicheHiringTask */;
			targetProxy = 2FA805A41C51F503005B3020 /* PBXContainerItemProxy */;
		};
		2FA805B01C51F504005B3020 /* PBXTargetDependency */ = {
			isa = PBXTargetDependency;
			target = 2FA8058E1C51F503005B3020 /* TechnicheHiringTask */;
			targetProxy = 2FA805AF1C51F504005B3020 /* PBXContainerItemProxy */;
		};
/* End PBXTargetDependency section */

/* Begin PBXVariantGroup section */
		2FA805961C51F503005B3020 /* Main.storyboard */ = {
			isa = PBXVariantGroup;
			children = (
				2FA805971C51F503005B3020 /* Base */,
			);
			name = Main.storyboard;
			sourceTree = "<group>";
		};
		2FA8059B1C51F503005B3020 /* LaunchScreen.storyboard */ = {
			isa = PBXVariantGroup;
			children = (
				2FA8059C1C51F503005B3020 /* Base */,
			);
			name = LaunchScreen.storyboard;
			sourceTree = "<group>";
		};
/* End PBXVariantGroup section */

/* Begin XCBuildConfiguration section */
		2FA805B51C51F504005B3020 /* Debug */ = {
			isa = XCBuildConfiguration;
			buildSettings = {
				ALWAYS_SEARCH_USER_PATHS = NO;
				CLANG_CXX_LANGUAGE_STANDARD = "gnu++0x";
				CLANG_CXX_LIBRARY = "libc++";
				CLANG_ENABLE_MODULES = YES;
				CLANG_ENABLE_OBJC_ARC = YES;
				CLANG_WARN_BOOL_CONVERSION = YES;
				CLANG_WARN_CONSTANT_CONVERSION = YES;
				CLANG_WARN_DIRECT_OBJC_ISA_USAGE = YES_ERROR;
				CLANG_WARN_EMPTY_BODY = YES;
				CLANG_WARN_ENUM_CONVERSION = YES;
				CLANG_WARN_INT_CONVERSION = YES;
				CLANG_WARN_OBJC_ROOT_CLASS = YES_ERROR;
				CLANG_WARN_UNREACHABLE_CODE = YES;
				CLANG_WARN__DUPLICATE_METHOD_MATCH = YES;
				"CODE_SIGN_IDENTITY[sdk=iphoneos*]" = "iPhone Developer";
				COPY_PHASE_STRIP = NO;
				DEBUG_INFORMATION_FORMAT = dwarf;
				ENABLE_STRICT_OBJC_MSGSEND = YES;
				ENABLE_TESTABILITY = YES;
				GCC_C_LANGUAGE_STANDARD = gnu99;
				GCC_DYNAMIC_NO_PIC = NO;
				GCC_NO_COMMON_BLOCKS = YES;
				GCC_OPTIMIZATION_LEVEL = 0;
				GCC_PREPROCESSOR_DEFINITIONS = (
					"DEBUG=1",
					"$(inherited)",
				);
				GCC_WARN_64_TO_32_BIT_CONVERSION = YES;
				GCC_WARN_ABOUT_RETURN_TYPE = YES_ERROR;
				GCC_WARN_UNDECLARED_SELECTOR = YES;
				GCC_WARN_UNINITIALIZED_AUTOS = YES_AGGRESSIVE;
				GCC_WARN_UNUSED_FUNCTION = YES;
				GCC_WARN_UNUSED_VARIABLE = YES;
				IPHONEOS_DEPLOYMENT_TARGET = 9.2;
				MTL_ENABLE_DEBUG_INFO = YES;
				ONLY_ACTIVE_ARCH = YES;
				SDKROOT = iphoneos;
				SWIFT_OPTIMIZATION_LEVEL = "-Onone";
				TARGETED_DEVICE_FAMILY = "1,2";
			};
			name = Debug;
		};
		2FA805B61C51F504005B3020 /* Release */ = {
			isa = XCBuildConfiguration;
			buildSettings = {
				ALWAYS_SEARCH_USER_PATHS = NO;
				CLANG_CXX_LANGUAGE_STANDARD = "gnu++0x";
				CLANG_CXX_LIBRARY = "libc++";
				CLANG_ENABLE_MODULES = YES;
				CLANG_ENABLE_OBJC_ARC = YES;
				CLANG_WARN_BOOL_CONVERSION = YES;
				CLANG_WARN_CONSTANT_CONVERSION = YES;
				CLANG_WARN_DIRECT_OBJC_ISA_USAGE = YES_ERROR;
				CLANG_WARN_EMPTY_BODY = YES;
				CLANG_WARN_ENUM_CONVERSION = YES;
				CLANG_WARN_INT_CONVERSION = YES;
				CLANG_WARN_OBJC_ROOT_CLASS = YES_ERROR;
				CLANG_WARN_UNREACHABLE_CODE = YES;
				CLANG_WARN__DUPLICATE_METHOD_MATCH = YES;
				"CODE_SIGN_IDENTITY[sdk=iphoneos*]" = "iPhone Developer";
				COPY_PHASE_STRIP = NO;
				DEBUG_INFORMATION_FORMAT = "dwarf-with-dsym";
				ENABLE_NS_ASSERTIONS = NO;
				ENABLE_STRICT_OBJC_MSGSEND = YES;
				GCC_C_LANGUAGE_STANDARD = gnu99;
				GCC_NO_COMMON_BLOCKS = YES;
				GCC_WARN_64_TO_32_BIT_CONVERSION = YES;
				GCC_WARN_ABOUT_RETURN_TYPE = YES_ERROR;
				GCC_WARN_UNDECLARED_SELECTOR = YES;
				GCC_WARN_UNINITIALIZED_AUTOS = YES_AGGRESSIVE;
				GCC_WARN_UNUSED_FUNCTION = YES;
				GCC_WARN_UNUSED_VARIABLE = YES;
				IPHONEOS_DEPLOYMENT_TARGET = 9.2;
				MTL_ENABLE_DEBUG_INFO = NO;
				SDKROOT = iphoneos;
				TARGETED_DEVICE_FAMILY = "1,2";
				VALIDATE_PRODUCT = YES;
			};
			name = Release;
		};
		2FA805B81C51F504005B3020 /* Debug */ = {
			isa = XCBuildConfiguration;
			buildSettings = {
				ASSETCATALOG_COMPILER_APPICON_NAME = AppIcon;
				CODE_SIGN_IDENTITY = "iPhone Developer";
				"CODE_SIGN_IDENTITY[sdk=iphoneos*]" = "iPhone Developer";
				INFOPLIST_FILE = TechnicheHiringTask/Info.plist;
				LD_RUNPATH_SEARCH_PATHS = "$(inherited) @executable_path/Frameworks";
				PRODUCT_BUNDLE_IDENTIFIER = com.vignesh.TechnicheHiringTask;
				PRODUCT_NAME = "Food Ware";
				PROVISIONING_PROFILE = "";
				SWIFT_OBJC_BRIDGING_HEADER = TechnicheHiringTask/ObjC_Bridge_Header.h;
			};
			name = Debug;
		};
		2FA805B91C51F504005B3020 /* Release */ = {
			isa = XCBuildConfiguration;
			buildSettings = {
				ASSETCATALOG_COMPILER_APPICON_NAME = AppIcon;
				CODE_SIGN_IDENTITY = "iPhone Developer";
				"CODE_SIGN_IDENTITY[sdk=iphoneos*]" = "iPhone Developer";
				INFOPLIST_FILE = TechnicheHiringTask/Info.plist;
				LD_RUNPATH_SEARCH_PATHS = "$(inherited) @executable_path/Frameworks";
				PRODUCT_BUNDLE_IDENTIFIER = com.vignesh.TechnicheHiringTask;
				PRODUCT_NAME = "Food Ware";
				PROVISIONING_PROFILE = "";
				SWIFT_OBJC_BRIDGING_HEADER = TechnicheHiringTask/ObjC_Bridge_Header.h;
			};
			name = Release;
		};
		2FA805BB1C51F504005B3020 /* Debug */ = {
			isa = XCBuildConfiguration;
			buildSettings = {
				BUNDLE_LOADER = "$(TEST_HOST)";
				INFOPLIST_FILE = TechnicheHiringTaskTests/Info.plist;
				LD_RUNPATH_SEARCH_PATHS = "$(inherited) @executable_path/Frameworks @loader_path/Frameworks";
				PRODUCT_BUNDLE_IDENTIFIER = com.vignesh.TechnicheHiringTaskTests;
				PRODUCT_NAME = "$(TARGET_NAME)";
				TEST_HOST = "$(BUILT_PRODUCTS_DIR)/TechnicheHiringTask.app/TechnicheHiringTask";
			};
			name = Debug;
		};
		2FA805BC1C51F504005B3020 /* Release */ = {
			isa = XCBuildConfiguration;
			buildSettings = {
				BUNDLE_LOADER = "$(TEST_HOST)";
				INFOPLIST_FILE = TechnicheHiringTaskTests/Info.plist;
				LD_RUNPATH_SEARCH_PATHS = "$(inherited) @executable_path/Frameworks @loader_path/Frameworks";
				PRODUCT_BUNDLE_IDENTIFIER = com.vignesh.TechnicheHiringTaskTests;
				PRODUCT_NAME = "$(TARGET_NAME)";
				TEST_HOST = "$(BUILT_PRODUCTS_DIR)/TechnicheHiringTask.app/TechnicheHiringTask";
			};
			name = Release;
		};
		2FA805BE1C51F504005B3020 /* Debug */ = {
			isa = XCBuildConfiguration;
			buildSettings = {
				INFOPLIST_FILE = TechnicheHiringTaskUITests/Info.plist;
				LD_RUNPATH_SEARCH_PATHS = "$(inherited) @executable_path/Frameworks @loader_path/Frameworks";
				PRODUCT_BUNDLE_IDENTIFIER = com.vignesh.TechnicheHiringTaskUITests;
				PRODUCT_NAME = "$(TARGET_NAME)";
				TEST_TARGET_NAME = TechnicheHiringTask;
				USES_XCTRUNNER = YES;
			};
			name = Debug;
		};
		2FA805BF1C51F504005B3020 /* Release */ = {
			isa = XCBuildConfiguration;
			buildSettings = {
				INFOPLIST_FILE = TechnicheHiringTaskUITests/Info.plist;
				LD_RUNPATH_SEARCH_PATHS = "$(inherited) @executable_path/Frameworks @loader_path/Frameworks";
				PRODUCT_BUNDLE_IDENTIFIER = com.vignesh.TechnicheHiringTaskUITests;
				PRODUCT_NAME = "$(TARGET_NAME)";
				TEST_TARGET_NAME = TechnicheHiringTask;
				USES_XCTRUNNER = YES;
			};
			name = Release;
		};
/* End XCBuildConfiguration section */

/* Begin XCConfigurationList section */
		2FA8058A1C51F503005B3020 /* Build configuration list for PBXProject "TechnicheHiringTask" */ = {
			isa = XCConfigurationList;
			buildConfigurations = (
				2FA805B51C51F504005B3020 /* Debug */,
				2FA805B61C51F504005B3020 /* Release */,
			);
			defaultConfigurationIsVisible = 0;
			defaultConfigurationName = Release;
		};
		2FA805B71C51F504005B3020 /* Build configuration list for PBXNativeTarget "TechnicheHiringTask" */ = {
			isa = XCConfigurationList;
			buildConfigurations = (
				2FA805B81C51F504005B3020 /* Debug */,
				2FA805B91C51F504005B3020 /* Release */,
			);
			defaultConfigurationIsVisible = 0;
			defaultConfigurationName = Release;
		};
		2FA805BA1C51F504005B3020 /* Build configuration list for PBXNativeTarget "TechnicheHiringTaskTests" */ = {
			isa = XCConfigurationList;
			buildConfigurations = (
				2FA805BB1C51F504005B3020 /* Debug */,
				2FA805BC1C51F504005B3020 /* Release */,
			);
			defaultConfigurationIsVisible = 0;
			defaultConfigurationName = Release;
		};
		2FA805BD1C51F504005B3020 /* Build configuration list for PBXNativeTarget "TechnicheHiringTaskUITests" */ = {
			isa = XCConfigurationList;
			buildConfigurations = (
				2FA805BE1C51F504005B3020 /* Debug */,
				2FA805BF1C51F504005B3020 /* Release */,
			);
			defaultConfigurationIsVisible = 0;
			defaultConfigurationName = Release;
		};
/* End XCConfigurationList section */
	};
	rootObject = 2FA805871C51F503005B3020 /* Project object */;
}
